
Microsoft Visual Studio Solution File, Format Version 12.00
# Visual Studio Version 17
VisualStudioVersion = 17.0.31903.59
MinimumVisualStudioVersion = 10.0.40219.1
Project("{FAE04EC0-301F-11D3-BF4B-00C04F79EFBC}") = "Investments.Catalog.Domain", "src\Investments.Catalog.Domain\Investments.Catalog.Domain.csproj", "{00D44AF4-ACC9-4AF3-9C7E-FAB3805B8D86}"
EndProject
Project("{FAE04EC0-301F-11D3-BF4B-00C04F79EFBC}") = "Investments.Core", "src\Investments.Core\Investments.Core.csproj", "{E1687D64-9885-4569-BB05-29501674FCB6}"
EndProject
Project("{FAE04EC0-301F-11D3-BF4B-00C04F79EFBC}") = "Investments.UnitTests", "tests\Investments.UnitTests\Investments.UnitTests.csproj", "{6773167C-BF69-4024-9F92-E22A6A37455F}"
EndProject
Project("{2150E333-8FDC-42A3-9474-1A3956D46DE8}") = "src", "src", "{86D0F14D-F485-4EF8-8DEE-2FC12C47279D}"
EndProject
Project("{2150E333-8FDC-42A3-9474-1A3956D46DE8}") = "tests", "tests", "{21DE4E00-FC1B-43C0-B210-AD3D875B0929}"
EndProject
Project("{FAE04EC0-301F-11D3-BF4B-00C04F79EFBC}") = "Investments.Catalog.Infrastructure.Data", "src\Investments.Catalog.Infrastructure.Data\Investments.Catalog.Infrastructure.Data.csproj", "{C61F2D4D-EF4E-4EC4-A0D3-200649DE9CA9}"
EndProject
Project("{FAE04EC0-301F-11D3-BF4B-00C04F79EFBC}") = "Investments.Catalog.Application", "src\Investments.Catalog.Application\Investments.Catalog.Application.csproj", "{7B8AF123-BC0D-405B-B7A5-694413ACA01F}"
EndProject
Global
	GlobalSection(SolutionConfigurationPlatforms) = preSolution
		Debug|Any CPU = Debug|Any CPU
		Release|Any CPU = Release|Any CPU
	EndGlobalSection
	GlobalSection(SolutionProperties) = preSolution
		HideSolutionNode = FALSE
	EndGlobalSection
	GlobalSection(ProjectConfigurationPlatforms) = postSolution
		{00D44AF4-ACC9-4AF3-9C7E-FAB3805B8D86}.Debug|Any CPU.ActiveCfg = Debug|Any CPU
		{00D44AF4-ACC9-4AF3-9C7E-FAB3805B8D86}.Debug|Any CPU.Build.0 = Debug|Any CPU
		{00D44AF4-ACC9-4AF3-9C7E-FAB3805B8D86}.Release|Any CPU.ActiveCfg = Release|Any CPU
		{00D44AF4-ACC9-4AF3-9C7E-FAB3805B8D86}.Release|Any CPU.Build.0 = Release|Any CPU
		{E1687D64-9885-4569-BB05-29501674FCB6}.Debug|Any CPU.ActiveCfg = Debug|Any CPU
		{E1687D64-9885-4569-BB05-29501674FCB6}.Debug|Any CPU.Build.0 = Debug|Any CPU
		{E1687D64-9885-4569-BB05-29501674FCB6}.Release|Any CPU.ActiveCfg = Release|Any CPU
		{E1687D64-9885-4569-BB05-29501674FCB6}.Release|Any CPU.Build.0 = Release|Any CPU
		{6773167C-BF69-4024-9F92-E22A6A37455F}.Debug|Any CPU.ActiveCfg = Debug|Any CPU
		{6773167C-BF69-4024-9F92-E22A6A37455F}.Debug|Any CPU.Build.0 = Debug|Any CPU
		{6773167C-BF69-4024-9F92-E22A6A37455F}.Release|Any CPU.ActiveCfg = Release|Any CPU
		{6773167C-BF69-4024-9F92-E22A6A37455F}.Release|Any CPU.Build.0 = Release|Any CPU
		{C61F2D4D-EF4E-4EC4-A0D3-200649DE9CA9}.Debug|Any CPU.ActiveCfg = Debug|Any CPU
		{C61F2D4D-EF4E-4EC4-A0D3-200649DE9CA9}.Debug|Any CPU.Build.0 = Debug|Any CPU
		{C61F2D4D-EF4E-4EC4-A0D3-200649DE9CA9}.Release|Any CPU.ActiveCfg = Release|Any CPU
		{C61F2D4D-EF4E-4EC4-A0D3-200649DE9CA9}.Release|Any CPU.Build.0 = Release|Any CPU
		{7B8AF123-BC0D-405B-B7A5-694413ACA01F}.Debug|Any CPU.ActiveCfg = Debug|Any CPU
		{7B8AF123-BC0D-405B-B7A5-694413ACA01F}.Debug|Any CPU.Build.0 = Debug|Any CPU
		{7B8AF123-BC0D-405B-B7A5-694413ACA01F}.Release|Any CPU.ActiveCfg = Release|Any CPU
		{7B8AF123-BC0D-405B-B7A5-694413ACA01F}.Release|Any CPU.Build.0 = Release|Any CPU
	EndGlobalSection
	GlobalSection(NestedProjects) = preSolution
		{6773167C-BF69-4024-9F92-E22A6A37455F} = {21DE4E00-FC1B-43C0-B210-AD3D875B0929}
		{E1687D64-9885-4569-BB05-29501674FCB6} = {86D0F14D-F485-4EF8-8DEE-2FC12C47279D}
		{00D44AF4-ACC9-4AF3-9C7E-FAB3805B8D86} = {86D0F14D-F485-4EF8-8DEE-2FC12C47279D}
		{C61F2D4D-EF4E-4EC4-A0D3-200649DE9CA9} = {86D0F14D-F485-4EF8-8DEE-2FC12C47279D}
		{7B8AF123-BC0D-405B-B7A5-694413ACA01F} = {86D0F14D-F485-4EF8-8DEE-2FC12C47279D}
	EndGlobalSection
EndGlobal
